
Microsoft Visual Studio Solution File, Format Version 12.00
# Visual Studio Version 16
VisualStudioVersion = 16.0.31911.196
MinimumVisualStudioVersion = 10.0.40219.1
Project("{9A19103F-16F7-4668-BE54-9A1E7A4F7556}") = "Monolith.Team2", "Monolith.Team2\Monolith.Team2.csproj", "{67ED753E-AF32-4937-B785-8DBE9B98F4EB}"
EndProject
Project("{9A19103F-16F7-4668-BE54-9A1E7A4F7556}") = "Monolith.Team2.Shared", "Monolith.Team2.Shared\Monolith.Team2.Shared.csproj", "{FED352A2-94E4-48A5-82D2-434A98D4D899}"
EndProject
Project("{9A19103F-16F7-4668-BE54-9A1E7A4F7556}") = "Monolith.Team2.LocalDev", "Monolith.Team2.LocalDev\Monolith.Team2.LocalDev.csproj", "{4EA69F63-934C-4DFA-B2AD-0ACEC15AE613}"
EndProject
Project("{9A19103F-16F7-4668-BE54-9A1E7A4F7556}") = "Monolith.Core", "Monolith.Core\Monolith.Core.csproj", "{27BFA23E-D8AB-45A6-A918-E63867302D08}"
EndProject
Project("{9A19103F-16F7-4668-BE54-9A1E7A4F7556}") = "Monolith.Team1.Shared", "Monolith.Team1.Shared\Monolith.Team1.Shared.csproj", "{A349C06D-0806-4FEB-AF0E-521C88E48F01}"
EndProject
Global
	GlobalSection(SolutionConfigurationPlatforms) = preSolution
		Debug|Any CPU = Debug|Any CPU
		Release|Any CPU = Release|Any CPU
	EndGlobalSection
	GlobalSection(ProjectConfigurationPlatforms) = postSolution
		{67ED753E-AF32-4937-B785-8DBE9B98F4EB}.Debug|Any CPU.ActiveCfg = Debug|Any CPU
		{67ED753E-AF32-4937-B785-8DBE9B98F4EB}.Debug|Any CPU.Build.0 = Debug|Any CPU
		{67ED753E-AF32-4937-B785-8DBE9B98F4EB}.Release|Any CPU.ActiveCfg = Release|Any CPU
		{67ED753E-AF32-4937-B785-8DBE9B98F4EB}.Release|Any CPU.Build.0 = Release|Any CPU
		{FED352A2-94E4-48A5-82D2-434A98D4D899}.Debug|Any CPU.ActiveCfg = Debug|Any CPU
		{FED352A2-94E4-48A5-82D2-434A98D4D899}.Debug|Any CPU.Build.0 = Debug|Any CPU
		{FED352A2-94E4-48A5-82D2-434A98D4D899}.Release|Any CPU.ActiveCfg = Release|Any CPU
		{FED352A2-94E4-48A5-82D2-434A98D4D899}.Release|Any CPU.Build.0 = Release|Any CPU
		{4EA69F63-934C-4DFA-B2AD-0ACEC15AE613}.Debug|Any CPU.ActiveCfg = Debug|Any CPU
		{4EA69F63-934C-4DFA-B2AD-0ACEC15AE613}.Debug|Any CPU.Build.0 = Debug|Any CPU
		{4EA69F63-934C-4DFA-B2AD-0ACEC15AE613}.Release|Any CPU.ActiveCfg = Release|Any CPU
		{4EA69F63-934C-4DFA-B2AD-0ACEC15AE613}.Release|Any CPU.Build.0 = Release|Any CPU
		{27BFA23E-D8AB-45A6-A918-E63867302D08}.Debug|Any CPU.ActiveCfg = Debug|Any CPU
		{27BFA23E-D8AB-45A6-A918-E63867302D08}.Debug|Any CPU.Build.0 = Debug|Any CPU
		{27BFA23E-D8AB-45A6-A918-E63867302D08}.Release|Any CPU.ActiveCfg = Release|Any CPU
		{27BFA23E-D8AB-45A6-A918-E63867302D08}.Release|Any CPU.Build.0 = Release|Any CPU
		{A349C06D-0806-4FEB-AF0E-521C88E48F01}.Debug|Any CPU.ActiveCfg = Debug|Any CPU
		{A349C06D-0806-4FEB-AF0E-521C88E48F01}.Debug|Any CPU.Build.0 = Debug|Any CPU
		{A349C06D-0806-4FEB-AF0E-521C88E48F01}.Release|Any CPU.ActiveCfg = Release|Any CPU
		{A349C06D-0806-4FEB-AF0E-521C88E48F01}.Release|Any CPU.Build.0 = Release|Any CPU
	EndGlobalSection
	GlobalSection(SolutionProperties) = preSolution
		HideSolutionNode = FALSE
	EndGlobalSection
	GlobalSection(ExtensibilityGlobals) = postSolution
		SolutionGuid = {9947C273-B494-4190-9221-E5ECBD19F0C6}
	EndGlobalSection
EndGlobal
